{
  "requires": true,
  "lockfileVersion": 1,
  "dependencies": {
    "react-smooth-scrolling": {
      "version": "1.0.2",
      "resolved": "https://registry.npmjs.org/react-smooth-scrolling/-/react-smooth-scrolling-1.0.2.tgz",
      "integrity": "sha512-AAkPQDLeVtLL92E0iyE86oj7ASSKE5L0mIqSeT19FXHT13/N+9Yxpf1VFKhN49BDJ60zE35nru0VjbDpmbDXNA=="
    }
  }
}
